// !$*UTF8*$!
{
	archiveVersion = 1;
	classes = {
	};
	objectVersion = 50;
	objects = {

/* Begin PBXBuildFile section */
		B238A44A258E34D2006A7340 /* GFEmptyStateView.swift in Sources */ = {isa = PBXBuildFile; fileRef = B238A449258E34D2006A7340 /* GFEmptyStateView.swift */; };
		B241C3E7257EF940006E7B10 /* Follower.swift in Sources */ = {isa = PBXBuildFile; fileRef = B241C3E6257EF940006E7B10 /* Follower.swift */; };
		B241C3EB257EFA0E006E7B10 /* User.swift in Sources */ = {isa = PBXBuildFile; fileRef = B241C3EA257EFA0E006E7B10 /* User.swift */; };
		B241C3EF257FA593006E7B10 /* NetworkManager.swift in Sources */ = {isa = PBXBuildFile; fileRef = B241C3EE257FA593006E7B10 /* NetworkManager.swift */; };
		B2A09BA02559CE3E002235A3 /* AppDelegate.swift in Sources */ = {isa = PBXBuildFile; fileRef = B2A09B9F2559CE3E002235A3 /* AppDelegate.swift */; };
		B2A09BA22559CE3E002235A3 /* SceneDelegate.swift in Sources */ = {isa = PBXBuildFile; fileRef = B2A09BA12559CE3E002235A3 /* SceneDelegate.swift */; };
		B2A09BA92559CE41002235A3 /* Assets.xcassets in Resources */ = {isa = PBXBuildFile; fileRef = B2A09BA82559CE41002235A3 /* Assets.xcassets */; };
		B2A09BAC2559CE41002235A3 /* LaunchScreen.storyboard in Resources */ = {isa = PBXBuildFile; fileRef = B2A09BAA2559CE41002235A3 /* LaunchScreen.storyboard */; };
		B2A09BB4255A792A002235A3 /* SearchViewController.swift in Sources */ = {isa = PBXBuildFile; fileRef = B2A09BB3255A792A002235A3 /* SearchViewController.swift */; };
		B2A09BB6255A8729002235A3 /* FavoritListViewController.swift in Sources */ = {isa = PBXBuildFile; fileRef = B2A09BB5255A8729002235A3 /* FavoritListViewController.swift */; };
		B2A09BB8255AAC04002235A3 /* GFButton.swift in Sources */ = {isa = PBXBuildFile; fileRef = B2A09BB7255AAC04002235A3 /* GFButton.swift */; };
		B2A09BBA255AB15C002235A3 /* GFTextField.swift in Sources */ = {isa = PBXBuildFile; fileRef = B2A09BB9255AB15C002235A3 /* GFTextField.swift */; };
		B2A09BBC255AC84B002235A3 /* FollowerListViewController.swift in Sources */ = {isa = PBXBuildFile; fileRef = B2A09BBB255AC84B002235A3 /* FollowerListViewController.swift */; };
		B2A09BBE255AD73B002235A3 /* GFTitleLabel.swift in Sources */ = {isa = PBXBuildFile; fileRef = B2A09BBD255AD73B002235A3 /* GFTitleLabel.swift */; };
		B2A09BC0255AD8DB002235A3 /* GFBodyLabel.swift in Sources */ = {isa = PBXBuildFile; fileRef = B2A09BBF255AD8DB002235A3 /* GFBodyLabel.swift */; };
		B2A09BC2255AFAF6002235A3 /* GFAlertViewController.swift in Sources */ = {isa = PBXBuildFile; fileRef = B2A09BC1255AFAF6002235A3 /* GFAlertViewController.swift */; };
		B2A09BC4255B520F002235A3 /* UIViewViewController+Ext.swift in Sources */ = {isa = PBXBuildFile; fileRef = B2A09BC3255B520F002235A3 /* UIViewViewController+Ext.swift */; };
		B2A09BCA255BFCE3002235A3 /* String+Ext.swift in Sources */ = {isa = PBXBuildFile; fileRef = B2A09BC9255BFCE3002235A3 /* String+Ext.swift */; };
		B2DDED2A258903C20007EEC3 /* ErrorMessage.swift in Sources */ = {isa = PBXBuildFile; fileRef = B2DDED29258903C20007EEC3 /* ErrorMessage.swift */; };
		B2DDED2F258A5B330007EEC3 /* FollowerCell.swift in Sources */ = {isa = PBXBuildFile; fileRef = B2DDED2E258A5B330007EEC3 /* FollowerCell.swift */; };
		B2DDED33258A5C1B0007EEC3 /* GFAvatarImageView.swift in Sources */ = {isa = PBXBuildFile; fileRef = B2DDED32258A5C1B0007EEC3 /* GFAvatarImageView.swift */; };
		B2DDED37258B728F0007EEC3 /* UIHelper.swift in Sources */ = {isa = PBXBuildFile; fileRef = B2DDED36258B728F0007EEC3 /* UIHelper.swift */; };
/* End PBXBuildFile section */

/* Begin PBXFileReference section */
		B238A449258E34D2006A7340 /* GFEmptyStateView.swift */ = {isa = PBXFileReference; lastKnownFileType = sourcecode.swift; path = GFEmptyStateView.swift; sourceTree = "<group>"; };
		B241C3E6257EF940006E7B10 /* Follower.swift */ = {isa = PBXFileReference; lastKnownFileType = sourcecode.swift; path = Follower.swift; sourceTree = "<group>"; };
		B241C3EA257EFA0E006E7B10 /* User.swift */ = {isa = PBXFileReference; lastKnownFileType = sourcecode.swift; path = User.swift; sourceTree = "<group>"; };
		B241C3EE257FA593006E7B10 /* NetworkManager.swift */ = {isa = PBXFileReference; lastKnownFileType = sourcecode.swift; path = NetworkManager.swift; sourceTree = "<group>"; };
		B2A09B9C2559CE3E002235A3 /* GithubFellows.app */ = {isa = PBXFileReference; explicitFileType = wrapper.application; includeInIndex = 0; path = GithubFellows.app; sourceTree = BUILT_PRODUCTS_DIR; };
		B2A09B9F2559CE3E002235A3 /* AppDelegate.swift */ = {isa = PBXFileReference; lastKnownFileType = sourcecode.swift; path = AppDelegate.swift; sourceTree = "<group>"; };
		B2A09BA12559CE3E002235A3 /* SceneDelegate.swift */ = {isa = PBXFileReference; lastKnownFileType = sourcecode.swift; path = SceneDelegate.swift; sourceTree = "<group>"; };
		B2A09BA82559CE41002235A3 /* Assets.xcassets */ = {isa = PBXFileReference; lastKnownFileType = folder.assetcatalog; path = Assets.xcassets; sourceTree = "<group>"; };
		B2A09BAB2559CE41002235A3 /* Base */ = {isa = PBXFileReference; lastKnownFileType = file.storyboard; name = Base; path = Base.lproj/LaunchScreen.storyboard; sourceTree = "<group>"; };
		B2A09BAD2559CE41002235A3 /* Info.plist */ = {isa = PBXFileReference; lastKnownFileType = text.plist.xml; path = Info.plist; sourceTree = "<group>"; };
		B2A09BB3255A792A002235A3 /* SearchViewController.swift */ = {isa = PBXFileReference; lastKnownFileType = sourcecode.swift; path = SearchViewController.swift; sourceTree = "<group>"; };
		B2A09BB5255A8729002235A3 /* FavoritListViewController.swift */ = {isa = PBXFileReference; lastKnownFileType = sourcecode.swift; path = FavoritListViewController.swift; sourceTree = "<group>"; };
		B2A09BB7255AAC04002235A3 /* GFButton.swift */ = {isa = PBXFileReference; lastKnownFileType = sourcecode.swift; path = GFButton.swift; sourceTree = "<group>"; };
		B2A09BB9255AB15C002235A3 /* GFTextField.swift */ = {isa = PBXFileReference; lastKnownFileType = sourcecode.swift; path = GFTextField.swift; sourceTree = "<group>"; };
		B2A09BBB255AC84B002235A3 /* FollowerListViewController.swift */ = {isa = PBXFileReference; lastKnownFileType = sourcecode.swift; path = FollowerListViewController.swift; sourceTree = "<group>"; };
		B2A09BBD255AD73B002235A3 /* GFTitleLabel.swift */ = {isa = PBXFileReference; lastKnownFileType = sourcecode.swift; path = GFTitleLabel.swift; sourceTree = "<group>"; };
		B2A09BBF255AD8DB002235A3 /* GFBodyLabel.swift */ = {isa = PBXFileReference; lastKnownFileType = sourcecode.swift; path = GFBodyLabel.swift; sourceTree = "<group>"; };
		B2A09BC1255AFAF6002235A3 /* GFAlertViewController.swift */ = {isa = PBXFileReference; lastKnownFileType = sourcecode.swift; path = GFAlertViewController.swift; sourceTree = "<group>"; };
		B2A09BC3255B520F002235A3 /* UIViewViewController+Ext.swift */ = {isa = PBXFileReference; lastKnownFileType = sourcecode.swift; path = "UIViewViewController+Ext.swift"; sourceTree = "<group>"; };
		B2A09BC9255BFCE3002235A3 /* String+Ext.swift */ = {isa = PBXFileReference; lastKnownFileType = sourcecode.swift; path = "String+Ext.swift"; sourceTree = "<group>"; };
		B2DDED29258903C20007EEC3 /* ErrorMessage.swift */ = {isa = PBXFileReference; lastKnownFileType = sourcecode.swift; path = ErrorMessage.swift; sourceTree = "<group>"; };
		B2DDED2E258A5B330007EEC3 /* FollowerCell.swift */ = {isa = PBXFileReference; lastKnownFileType = sourcecode.swift; path = FollowerCell.swift; sourceTree = "<group>"; };
		B2DDED32258A5C1B0007EEC3 /* GFAvatarImageView.swift */ = {isa = PBXFileReference; lastKnownFileType = sourcecode.swift; path = GFAvatarImageView.swift; sourceTree = "<group>"; };
		B2DDED36258B728F0007EEC3 /* UIHelper.swift */ = {isa = PBXFileReference; lastKnownFileType = sourcecode.swift; path = UIHelper.swift; sourceTree = "<group>"; };
/* End PBXFileReference section */

/* Begin PBXFrameworksBuildPhase section */
		B2A09B992559CE3E002235A3 /* Frameworks */ = {
			isa = PBXFrameworksBuildPhase;
			buildActionMask = 2147483647;
			files = (
			);
			runOnlyForDeploymentPostprocessing = 0;
		};
/* End PBXFrameworksBuildPhase section */

/* Begin PBXGroup section */
		B238A443258E33F1006A7340 /* Views */ = {
			isa = PBXGroup;
			children = (
				B238A449258E34D2006A7340 /* GFEmptyStateView.swift */,
			);
			path = Views;
			sourceTree = "<group>";
		};
		B238A444258E33F9006A7340 /* Buttons */ = {
			isa = PBXGroup;
			children = (
				B2A09BB7255AAC04002235A3 /* GFButton.swift */,
			);
			path = Buttons;
			sourceTree = "<group>";
		};
		B238A445258E3401006A7340 /* TextFields */ = {
			isa = PBXGroup;
			children = (
				B2A09BB9255AB15C002235A3 /* GFTextField.swift */,
			);
			path = TextFields;
			sourceTree = "<group>";
		};
		B238A446258E3416006A7340 /* ImageViews */ = {
			isa = PBXGroup;
			children = (
				B2DDED32258A5C1B0007EEC3 /* GFAvatarImageView.swift */,
			);
			path = ImageViews;
			sourceTree = "<group>";
		};
		B238A447258E3428006A7340 /* ViewControllers */ = {
			isa = PBXGroup;
			children = (
				B2A09BC1255AFAF6002235A3 /* GFAlertViewController.swift */,
			);
			path = ViewControllers;
			sourceTree = "<group>";
		};
		B238A448258E3476006A7340 /* Labels */ = {
			isa = PBXGroup;
			children = (
				B2A09BBF255AD8DB002235A3 /* GFBodyLabel.swift */,
				B2A09BBD255AD73B002235A3 /* GFTitleLabel.swift */,
			);
			path = Labels;
			sourceTree = "<group>";
		};
		B241C3E5257EF92D006E7B10 /* Model */ = {
			isa = PBXGroup;
			children = (
				B241C3E6257EF940006E7B10 /* Follower.swift */,
				B241C3EA257EFA0E006E7B10 /* User.swift */,
			);
			path = Model;
			sourceTree = "<group>";
		};
		B241C3ED257FA573006E7B10 /* Manager */ = {
			isa = PBXGroup;
			children = (
				B241C3EE257FA593006E7B10 /* NetworkManager.swift */,
			);
			path = Manager;
			sourceTree = "<group>";
		};
		B2A09B932559CE3E002235A3 = {
			isa = PBXGroup;
			children = (
				B2A09B9E2559CE3E002235A3 /* GithubFellows */,
				B2A09B9D2559CE3E002235A3 /* Products */,
			);
			sourceTree = "<group>";
		};
		B2A09B9D2559CE3E002235A3 /* Products */ = {
			isa = PBXGroup;
			children = (
				B2A09B9C2559CE3E002235A3 /* GithubFellows.app */,
			);
			name = Products;
			sourceTree = "<group>";
		};
		B2A09B9E2559CE3E002235A3 /* GithubFellows */ = {
			isa = PBXGroup;
			children = (
				B2DDED28258903A60007EEC3 /* Uitilities */,
				B241C3ED257FA573006E7B10 /* Manager */,
				B241C3E5257EF92D006E7B10 /* Model */,
				B2A09BCB255BFE33002235A3 /* Support */,
				B2A09BC6255BFC43002235A3 /* Screens */,
				B2A09BC7255BFC7B002235A3 /* Custom Views */,
				B2A09BC8255BFCA0002235A3 /* Extensions */,
				B2A09BAD2559CE41002235A3 /* Info.plist */,
			);
			path = GithubFellows;
			sourceTree = "<group>";
		};
		B2A09BC6255BFC43002235A3 /* Screens */ = {
			isa = PBXGroup;
			children = (
				B2A09BB3255A792A002235A3 /* SearchViewController.swift */,
				B2A09BB5255A8729002235A3 /* FavoritListViewController.swift */,
				B2A09BBB255AC84B002235A3 /* FollowerListViewController.swift */,
			);
			path = Screens;
			sourceTree = "<group>";
		};
		B2A09BC7255BFC7B002235A3 /* Custom Views */ = {
			isa = PBXGroup;
			children = (
				B238A448258E3476006A7340 /* Labels */,
				B238A447258E3428006A7340 /* ViewControllers */,
				B238A446258E3416006A7340 /* ImageViews */,
				B238A445258E3401006A7340 /* TextFields */,
				B238A444258E33F9006A7340 /* Buttons */,
				B238A443258E33F1006A7340 /* Views */,
				B2DDED2D258A5AEA0007EEC3 /* Cells */,
			);
			path = "Custom Views";
			sourceTree = "<group>";
		};
		B2A09BC8255BFCA0002235A3 /* Extensions */ = {
			isa = PBXGroup;
			children = (
				B2A09BC3255B520F002235A3 /* UIViewViewController+Ext.swift */,
				B2A09BC9255BFCE3002235A3 /* String+Ext.swift */,
			);
			path = Extensions;
			sourceTree = "<group>";
		};
		B2A09BCB255BFE33002235A3 /* Support */ = {
			isa = PBXGroup;
			children = (
				B2A09B9F2559CE3E002235A3 /* AppDelegate.swift */,
				B2A09BA12559CE3E002235A3 /* SceneDelegate.swift */,
				B2A09BA82559CE41002235A3 /* Assets.xcassets */,
				B2A09BAA2559CE41002235A3 /* LaunchScreen.storyboard */,
			);
			path = Support;
			sourceTree = "<group>";
		};
		B2DDED28258903A60007EEC3 /* Uitilities */ = {
			isa = PBXGroup;
			children = (
				B2DDED29258903C20007EEC3 /* ErrorMessage.swift */,
				B2DDED36258B728F0007EEC3 /* UIHelper.swift */,
			);
			path = Uitilities;
			sourceTree = "<group>";
		};
		B2DDED2D258A5AEA0007EEC3 /* Cells */ = {
			isa = PBXGroup;
			children = (
				B2DDED2E258A5B330007EEC3 /* FollowerCell.swift */,
			);
			path = Cells;
			sourceTree = "<group>";
		};
/* End PBXGroup section */

/* Begin PBXNativeTarget section */
		B2A09B9B2559CE3E002235A3 /* GithubFellows */ = {
			isa = PBXNativeTarget;
			buildConfigurationList = B2A09BB02559CE41002235A3 /* Build configuration list for PBXNativeTarget "GithubFellows" */;
			buildPhases = (
				B2A09B982559CE3E002235A3 /* Sources */,
				B2A09B992559CE3E002235A3 /* Frameworks */,
				B2A09B9A2559CE3E002235A3 /* Resources */,
			);
			buildRules = (
			);
			dependencies = (
			);
			name = GithubFellows;
			productName = GithubFellows;
			productReference = B2A09B9C2559CE3E002235A3 /* GithubFellows.app */;
			productType = "com.apple.product-type.application";
		};
/* End PBXNativeTarget section */

/* Begin PBXProject section */
		B2A09B942559CE3E002235A3 /* Project object */ = {
			isa = PBXProject;
			attributes = {
				LastSwiftUpdateCheck = 1160;
				LastUpgradeCheck = 1160;
				ORGANIZATIONNAME = "Diayan Siat";
				TargetAttributes = {
					B2A09B9B2559CE3E002235A3 = {
						CreatedOnToolsVersion = 11.6;
					};
				};
			};
			buildConfigurationList = B2A09B972559CE3E002235A3 /* Build configuration list for PBXProject "GithubFellows" */;
			compatibilityVersion = "Xcode 9.3";
			developmentRegion = en;
			hasScannedForEncodings = 0;
			knownRegions = (
				en,
				Base,
			);
			mainGroup = B2A09B932559CE3E002235A3;
			productRefGroup = B2A09B9D2559CE3E002235A3 /* Products */;
			projectDirPath = "";
			projectRoot = "";
			targets = (
				B2A09B9B2559CE3E002235A3 /* GithubFellows */,
			);
		};
/* End PBXProject section */

/* Begin PBXResourcesBuildPhase section */
		B2A09B9A2559CE3E002235A3 /* Resources */ = {
			isa = PBXResourcesBuildPhase;
			buildActionMask = 2147483647;
			files = (
				B2A09BAC2559CE41002235A3 /* LaunchScreen.storyboard in Resources */,
				B2A09BA92559CE41002235A3 /* Assets.xcassets in Resources */,
			);
			runOnlyForDeploymentPostprocessing = 0;
		};
/* End PBXResourcesBuildPhase section */

/* Begin PBXSourcesBuildPhase section */
		B2A09B982559CE3E002235A3 /* Sources */ = {
			isa = PBXSourcesBuildPhase;
			buildActionMask = 2147483647;
			files = (
				B2A09BC2255AFAF6002235A3 /* GFAlertViewController.swift in Sources */,
				B2A09BBA255AB15C002235A3 /* GFTextField.swift in Sources */,
				B2A09BB6255A8729002235A3 /* FavoritListViewController.swift in Sources */,
				B2A09BB8255AAC04002235A3 /* GFButton.swift in Sources */,
				B2A09BBC255AC84B002235A3 /* FollowerListViewController.swift in Sources */,
				B238A44A258E34D2006A7340 /* GFEmptyStateView.swift in Sources */,
				B2A09BC0255AD8DB002235A3 /* GFBodyLabel.swift in Sources */,
				B241C3EB257EFA0E006E7B10 /* User.swift in Sources */,
				B2DDED2F258A5B330007EEC3 /* FollowerCell.swift in Sources */,
				B2DDED33258A5C1B0007EEC3 /* GFAvatarImageView.swift in Sources */,
				B2A09BCA255BFCE3002235A3 /* String+Ext.swift in Sources */,
				B241C3E7257EF940006E7B10 /* Follower.swift in Sources */,
				B2A09BC4255B520F002235A3 /* UIViewViewController+Ext.swift in Sources */,
				B2A09BBE255AD73B002235A3 /* GFTitleLabel.swift in Sources */,
				B2A09BB4255A792A002235A3 /* SearchViewController.swift in Sources */,
				B2DDED2A258903C20007EEC3 /* ErrorMessage.swift in Sources */,
				B2DDED37258B728F0007EEC3 /* UIHelper.swift in Sources */,
				B241C3EF257FA593006E7B10 /* NetworkManager.swift in Sources */,
				B2A09BA02559CE3E002235A3 /* AppDelegate.swift in Sources */,
				B2A09BA22559CE3E002235A3 /* SceneDelegate.swift in Sources */,
			);
			runOnlyForDeploymentPostprocessing = 0;
		};
/* End PBXSourcesBuildPhase section */

/* Begin PBXVariantGroup section */
		B2A09BAA2559CE41002235A3 /* LaunchScreen.storyboard */ = {
			isa = PBXVariantGroup;
			children = (
				B2A09BAB2559CE41002235A3 /* Base */,
			);
			name = LaunchScreen.storyboard;
			sourceTree = "<group>";
		};
/* End PBXVariantGroup section */

/* Begin XCBuildConfiguration section */
		B2A09BAE2559CE41002235A3 /* Debug */ = {
			isa = XCBuildConfiguration;
			buildSettings = {
				ALWAYS_SEARCH_USER_PATHS = NO;
				CLANG_ANALYZER_NONNULL = YES;
				CLANG_ANALYZER_NUMBER_OBJECT_CONVERSION = YES_AGGRESSIVE;
				CLANG_CXX_LANGUAGE_STANDARD = "gnu++14";
				CLANG_CXX_LIBRARY = "libc++";
				CLANG_ENABLE_MODULES = YES;
				CLANG_ENABLE_OBJC_ARC = YES;
				CLANG_ENABLE_OBJC_WEAK = YES;
				CLANG_WARN_BLOCK_CAPTURE_AUTORELEASING = YES;
				CLANG_WARN_BOOL_CONVERSION = YES;
				CLANG_WARN_COMMA = YES;
				CLANG_WARN_CONSTANT_CONVERSION = YES;
				CLANG_WARN_DEPRECATED_OBJC_IMPLEMENTATIONS = YES;
				CLANG_WARN_DIRECT_OBJC_ISA_USAGE = YES_ERROR;
				CLANG_WARN_DOCUMENTATION_COMMENTS = YES;
				CLANG_WARN_EMPTY_BODY = YES;
				CLANG_WARN_ENUM_CONVERSION = YES;
				CLANG_WARN_INFINITE_RECURSION = YES;
				CLANG_WARN_INT_CONVERSION = YES;
				CLANG_WARN_NON_LITERAL_NULL_CONVERSION = YES;
				CLANG_WARN_OBJC_IMPLICIT_RETAIN_SELF = YES;
				CLANG_WARN_OBJC_LITERAL_CONVERSION = YES;
				CLANG_WARN_OBJC_ROOT_CLASS = YES_ERROR;
				CLANG_WARN_RANGE_LOOP_ANALYSIS = YES;
				CLANG_WARN_STRICT_PROTOTYPES = YES;
				CLANG_WARN_SUSPICIOUS_MOVE = YES;
				CLANG_WARN_UNGUARDED_AVAILABILITY = YES_AGGRESSIVE;
				CLANG_WARN_UNREACHABLE_CODE = YES;
				CLANG_WARN__DUPLICATE_METHOD_MATCH = YES;
				COPY_PHASE_STRIP = NO;
				DEBUG_INFORMATION_FORMAT = dwarf;
				ENABLE_STRICT_OBJC_MSGSEND = YES;
				ENABLE_TESTABILITY = YES;
				GCC_C_LANGUAGE_STANDARD = gnu11;
				GCC_DYNAMIC_NO_PIC = NO;
				GCC_NO_COMMON_BLOCKS = YES;
				GCC_OPTIMIZATION_LEVEL = 0;
				GCC_PREPROCESSOR_DEFINITIONS = (
					"DEBUG=1",
					"$(inherited)",
				);
				GCC_WARN_64_TO_32_BIT_CONVERSION = YES;
				GCC_WARN_ABOUT_RETURN_TYPE = YES_ERROR;
				GCC_WARN_UNDECLARED_SELECTOR = YES;
				GCC_WARN_UNINITIALIZED_AUTOS = YES_AGGRESSIVE;
				GCC_WARN_UNUSED_FUNCTION = YES;
				GCC_WARN_UNUSED_VARIABLE = YES;
				IPHONEOS_DEPLOYMENT_TARGET = 13.6;
				MTL_ENABLE_DEBUG_INFO = INCLUDE_SOURCE;
				MTL_FAST_MATH = YES;
				ONLY_ACTIVE_ARCH = YES;
				SDKROOT = iphoneos;
				SWIFT_ACTIVE_COMPILATION_CONDITIONS = DEBUG;
				SWIFT_OPTIMIZATION_LEVEL = "-Onone";
			};
			name = Debug;
		};
		B2A09BAF2559CE41002235A3 /* Release */ = {
			isa = XCBuildConfiguration;
			buildSettings = {
				ALWAYS_SEARCH_USER_PATHS = NO;
				CLANG_ANALYZER_NONNULL = YES;
				CLANG_ANALYZER_NUMBER_OBJECT_CONVERSION = YES_AGGRESSIVE;
				CLANG_CXX_LANGUAGE_STANDARD = "gnu++14";
				CLANG_CXX_LIBRARY = "libc++";
				CLANG_ENABLE_MODULES = YES;
				CLANG_ENABLE_OBJC_ARC = YES;
				CLANG_ENABLE_OBJC_WEAK = YES;
				CLANG_WARN_BLOCK_CAPTURE_AUTORELEASING = YES;
				CLANG_WARN_BOOL_CONVERSION = YES;
				CLANG_WARN_COMMA = YES;
				CLANG_WARN_CONSTANT_CONVERSION = YES;
				CLANG_WARN_DEPRECATED_OBJC_IMPLEMENTATIONS = YES;
				CLANG_WARN_DIRECT_OBJC_ISA_USAGE = YES_ERROR;
				CLANG_WARN_DOCUMENTATION_COMMENTS = YES;
				CLANG_WARN_EMPTY_BODY = YES;
				CLANG_WARN_ENUM_CONVERSION = YES;
				CLANG_WARN_INFINITE_RECURSION = YES;
				CLANG_WARN_INT_CONVERSION = YES;
				CLANG_WARN_NON_LITERAL_NULL_CONVERSION = YES;
				CLANG_WARN_OBJC_IMPLICIT_RETAIN_SELF = YES;
				CLANG_WARN_OBJC_LITERAL_CONVERSION = YES;
				CLANG_WARN_OBJC_ROOT_CLASS = YES_ERROR;
				CLANG_WARN_RANGE_LOOP_ANALYSIS = YES;
				CLANG_WARN_STRICT_PROTOTYPES = YES;
				CLANG_WARN_SUSPICIOUS_MOVE = YES;
				CLANG_WARN_UNGUARDED_AVAILABILITY = YES_AGGRESSIVE;
				CLANG_WARN_UNREACHABLE_CODE = YES;
				CLANG_WARN__DUPLICATE_METHOD_MATCH = YES;
				COPY_PHASE_STRIP = NO;
				DEBUG_INFORMATION_FORMAT = "dwarf-with-dsym";
				ENABLE_NS_ASSERTIONS = NO;
				ENABLE_STRICT_OBJC_MSGSEND = YES;
				GCC_C_LANGUAGE_STANDARD = gnu11;
				GCC_NO_COMMON_BLOCKS = YES;
				GCC_WARN_64_TO_32_BIT_CONVERSION = YES;
				GCC_WARN_ABOUT_RETURN_TYPE = YES_ERROR;
				GCC_WARN_UNDECLARED_SELECTOR = YES;
				GCC_WARN_UNINITIALIZED_AUTOS = YES_AGGRESSIVE;
				GCC_WARN_UNUSED_FUNCTION = YES;
				GCC_WARN_UNUSED_VARIABLE = YES;
				IPHONEOS_DEPLOYMENT_TARGET = 13.6;
				MTL_ENABLE_DEBUG_INFO = NO;
				MTL_FAST_MATH = YES;
				SDKROOT = iphoneos;
				SWIFT_COMPILATION_MODE = wholemodule;
				SWIFT_OPTIMIZATION_LEVEL = "-O";
				VALIDATE_PRODUCT = YES;
			};
			name = Release;
		};
		B2A09BB12559CE41002235A3 /* Debug */ = {
			isa = XCBuildConfiguration;
			buildSettings = {
				ASSETCATALOG_COMPILER_APPICON_NAME = AppIcon;
				CODE_SIGN_STYLE = Automatic;
				DEVELOPMENT_TEAM = 9WTXG2G2BJ;
				INFOPLIST_FILE = GithubFellows/Info.plist;
				LD_RUNPATH_SEARCH_PATHS = (
					"$(inherited)",
					"@executable_path/Frameworks",
				);
				PRODUCT_BUNDLE_IDENTIFIER = tech.diayansiat.GithubFellows;
				PRODUCT_NAME = "$(TARGET_NAME)";
				SWIFT_VERSION = 5.0;
				TARGETED_DEVICE_FAMILY = 1;
			};
			name = Debug;
		};
		B2A09BB22559CE41002235A3 /* Release */ = {
			isa = XCBuildConfiguration;
			buildSettings = {
				ASSETCATALOG_COMPILER_APPICON_NAME = AppIcon;
				CODE_SIGN_STYLE = Automatic;
				DEVELOPMENT_TEAM = 9WTXG2G2BJ;
				INFOPLIST_FILE = GithubFellows/Info.plist;
				LD_RUNPATH_SEARCH_PATHS = (
					"$(inherited)",
					"@executable_path/Frameworks",
				);
				PRODUCT_BUNDLE_IDENTIFIER = tech.diayansiat.GithubFellows;
				PRODUCT_NAME = "$(TARGET_NAME)";
				SWIFT_VERSION = 5.0;
				TARGETED_DEVICE_FAMILY = 1;
			};
			name = Release;
		};
/* End XCBuildConfiguration section */

/* Begin XCConfigurationList section */
		B2A09B972559CE3E002235A3 /* Build configuration list for PBXProject "GithubFellows" */ = {
			isa = XCConfigurationList;
			buildConfigurations = (
				B2A09BAE2559CE41002235A3 /* Debug */,
				B2A09BAF2559CE41002235A3 /* Release */,
			);
			defaultConfigurationIsVisible = 0;
			defaultConfigurationName = Release;
		};
		B2A09BB02559CE41002235A3 /* Build configuration list for PBXNativeTarget "GithubFellows" */ = {
			isa = XCConfigurationList;
			buildConfigurations = (
				B2A09BB12559CE41002235A3 /* Debug */,
				B2A09BB22559CE41002235A3 /* Release */,
			);
			defaultConfigurationIsVisible = 0;
			defaultConfigurationName = Release;
		};
/* End XCConfigurationList section */
	};
	rootObject = B2A09B942559CE3E002235A3 /* Project object */;
}
